
Microsoft Visual Studio Solution File, Format Version 12.00
# Visual Studio Version 17
VisualStudioVersion = 17.7.34003.232
MinimumVisualStudioVersion = 10.0.40219.1
Project("{9A19103F-16F7-4668-BE54-9A1E7A4F7556}") = "ToDoDemo", "ToDo\ToDoDemo.csproj", "{FCB5FDCD-693C-4D4E-83C4-EA2127F50096}"
EndProject
Global
	GlobalSection(SolutionConfigurationPlatforms) = preSolution
		Debug|Any CPU = Debug|Any CPU
		Release|Any CPU = Release|Any CPU
	EndGlobalSection
	GlobalSection(ProjectConfigurationPlatforms) = postSolution
		{FCB5FDCD-693C-4D4E-83C4-EA2127F50096}.Debug|Any CPU.ActiveCfg = Debug|Any CPU
		{FCB5FDCD-693C-4D4E-83C4-EA2127F50096}.Debug|Any CPU.Build.0 = Debug|Any CPU
		{FCB5FDCD-693C-4D4E-83C4-EA2127F50096}.Release|Any CPU.ActiveCfg = Release|Any CPU
		{FCB5FDCD-693C-4D4E-83C4-EA2127F50096}.Release|Any CPU.Build.0 = Release|Any CPU
	EndGlobalSection
	GlobalSection(SolutionProperties) = preSolution
		HideSolutionNode = FALSE
	EndGlobalSection
	GlobalSection(ExtensibilityGlobals) = postSolution
		SolutionGuid = {019C17BB-4568-455C-BAE9-2A44F8A2E710}
	EndGlobalSection
EndGlobal
